
Microsoft Visual Studio Solution File, Format Version 12.00
# Visual Studio Version 17
VisualStudioVersion = 17.12.35707.178
MinimumVisualStudioVersion = 10.0.40219.1
Project("{FAE04EC0-301F-11D3-BF4B-00C04F79EFBC}") = "FullStackApp.Api", "FullStackApp\FullStackApp.Api.csproj", "{FC216EB8-1A78-4D2E-98E2-023008352CC0}"
EndProject
Project("{FAE04EC0-301F-11D3-BF4B-00C04F79EFBC}") = "FullStackApp.BLL", "FullStackApp.BLL\FullStackApp.BLL.csproj", "{A84A389F-C0B0-4620-AD87-F8BC41F3C37C}"
EndProject
Project("{FAE04EC0-301F-11D3-BF4B-00C04F79EFBC}") = "FullStackApp.DLL", "FullStackApp.DLL\FullStackApp.DLL.csproj", "{EEB2A76D-1EC3-44A8-8578-16C7D888C7BB}"
EndProject
Project("{FAE04EC0-301F-11D3-BF4B-00C04F79EFBC}") = "FullStackApp.Utils", "FullStackApp.Utils\FullStackApp.Utils.csproj", "{5FF1B3B3-71C0-4A7A-AA0A-6BA85D250883}"
EndProject
Project("{2150E333-8FDC-42A3-9474-1A3956D46DE8}") = "FullStackApp", "FullStackApp", "{D30E5B72-2D71-43A6-9869-03AC41C0602D}"
EndProject
Project("{2150E333-8FDC-42A3-9474-1A3956D46DE8}") = "Gateway", "Gateway", "{0770FD18-84BC-4A11-8C9E-1A3220C3CF00}"
EndProject
Project("{FAE04EC0-301F-11D3-BF4B-00C04F79EFBC}") = "ApiGateway", "ApiGateway\ApiGateway.csproj", "{7D64C81F-3D75-46E9-AA71-CEC0FA10CEE5}"
EndProject
Project("{2150E333-8FDC-42A3-9474-1A3956D46DE8}") = "WebJobs", "WebJobs", "{58635622-4896-48BC-956D-CE34B35151F2}"
EndProject
Project("{2150E333-8FDC-42A3-9474-1A3956D46DE8}") = "RecordChecker", "RecordChecker", "{4D657FE7-5C50-4CDF-985E-18C6DFB91B1A}"
EndProject
Project("{FAE04EC0-301F-11D3-BF4B-00C04F79EFBC}") = "DatabaseActiveChecker", "DatabaseActiveChecker\DatabaseActiveChecker.csproj", "{05F8A2FE-68E4-4A19-BA73-8619A9B5BF3A}"
EndProject
Project("{FAE04EC0-301F-11D3-BF4B-00C04F79EFBC}") = "DatabaseActiveChecker.BLL", "DatabaseActiveChecker.BLL\DatabaseActiveChecker.BLL.csproj", "{6DFFC86C-5E80-4D6B-9221-810EEFDF9231}"
EndProject
Project("{2150E333-8FDC-42A3-9474-1A3956D46DE8}") = "C_Sharp_Course", "C_Sharp_Course", "{1ED99B9C-BF33-44C2-AB03-581E86FB6966}"
EndProject
Project("{FAE04EC0-301F-11D3-BF4B-00C04F79EFBC}") = "Array", "Array\Array.csproj", "{0BD9A997-B6A2-4B78-9D30-12FB49AE3748}"
EndProject
Project("{2150E333-8FDC-42A3-9474-1A3956D46DE8}") = "LearningDependenceyInjection", "LearningDependenceyInjection", "{76D94A1C-D7EC-4C20-A0F6-2E4452F477E6}"
EndProject
Project("{FAE04EC0-301F-11D3-BF4B-00C04F79EFBC}") = "LearingDI", "LearingDI\LearingDI.csproj", "{AB794BF1-BC5C-4542-ACF5-1261AE1866FA}"
EndProject
Project("{FAE04EC0-301F-11D3-BF4B-00C04F79EFBC}") = "List", "CollectionLearn\List.csproj", "{86F1DC55-4139-4F0A-B29D-DD885722115B}"
EndProject
Project("{FAE04EC0-301F-11D3-BF4B-00C04F79EFBC}") = "DictionaryLean", "DictionaryLean\DictionaryLean.csproj", "{2143D081-A857-4186-9E42-D360B461F81E}"
EndProject
Project("{FAE04EC0-301F-11D3-BF4B-00C04F79EFBC}") = "TypeOfDI", "DelegatesLearn\TypeOfDI.csproj", "{691327FE-4EED-410E-889D-43BE9FC20333}"
EndProject
Project("{FAE04EC0-301F-11D3-BF4B-00C04F79EFBC}") = "LINQLearning", "LINQLearning\LINQLearning.csproj", "{7F599CBE-1DB0-4F2C-B95E-438CDDBE3202}"
EndProject
Project("{FAE04EC0-301F-11D3-BF4B-00C04F79EFBC}") = "FileHandling", "FileHandling\FileHandling.csproj", "{CBBD9E8F-C1E9-4DAE-8AB7-BAABFA002F78}"
EndProject
Project("{FAE04EC0-301F-11D3-BF4B-00C04F79EFBC}") = "GenericsLearing", "GenericsLearing\GenericsLearing.csproj", "{8640C07E-EB13-4654-9423-E0E24F10AA9A}"
EndProject
Project("{FAE04EC0-301F-11D3-BF4B-00C04F79EFBC}") = "SQLConnectivityLearning", "SQLConnectivityLearning\SQLConnectivityLearning.csproj", "{20133F78-9D7A-4A34-9956-63076EA0E38C}"
EndProject
Global
	GlobalSection(SolutionConfigurationPlatforms) = preSolution
		Debug|Any CPU = Debug|Any CPU
		Release|Any CPU = Release|Any CPU
	EndGlobalSection
	GlobalSection(ProjectConfigurationPlatforms) = postSolution
		{FC216EB8-1A78-4D2E-98E2-023008352CC0}.Debug|Any CPU.ActiveCfg = Debug|Any CPU
		{FC216EB8-1A78-4D2E-98E2-023008352CC0}.Debug|Any CPU.Build.0 = Debug|Any CPU
		{FC216EB8-1A78-4D2E-98E2-023008352CC0}.Release|Any CPU.ActiveCfg = Release|Any CPU
		{FC216EB8-1A78-4D2E-98E2-023008352CC0}.Release|Any CPU.Build.0 = Release|Any CPU
		{A84A389F-C0B0-4620-AD87-F8BC41F3C37C}.Debug|Any CPU.ActiveCfg = Debug|Any CPU
		{A84A389F-C0B0-4620-AD87-F8BC41F3C37C}.Debug|Any CPU.Build.0 = Debug|Any CPU
		{A84A389F-C0B0-4620-AD87-F8BC41F3C37C}.Release|Any CPU.ActiveCfg = Release|Any CPU
		{A84A389F-C0B0-4620-AD87-F8BC41F3C37C}.Release|Any CPU.Build.0 = Release|Any CPU
		{EEB2A76D-1EC3-44A8-8578-16C7D888C7BB}.Debug|Any CPU.ActiveCfg = Debug|Any CPU
		{EEB2A76D-1EC3-44A8-8578-16C7D888C7BB}.Debug|Any CPU.Build.0 = Debug|Any CPU
		{EEB2A76D-1EC3-44A8-8578-16C7D888C7BB}.Release|Any CPU.ActiveCfg = Release|Any CPU
		{EEB2A76D-1EC3-44A8-8578-16C7D888C7BB}.Release|Any CPU.Build.0 = Release|Any CPU
		{5FF1B3B3-71C0-4A7A-AA0A-6BA85D250883}.Debug|Any CPU.ActiveCfg = Debug|Any CPU
		{5FF1B3B3-71C0-4A7A-AA0A-6BA85D250883}.Debug|Any CPU.Build.0 = Debug|Any CPU
		{5FF1B3B3-71C0-4A7A-AA0A-6BA85D250883}.Release|Any CPU.ActiveCfg = Release|Any CPU
		{5FF1B3B3-71C0-4A7A-AA0A-6BA85D250883}.Release|Any CPU.Build.0 = Release|Any CPU
		{7D64C81F-3D75-46E9-AA71-CEC0FA10CEE5}.Debug|Any CPU.ActiveCfg = Debug|Any CPU
		{7D64C81F-3D75-46E9-AA71-CEC0FA10CEE5}.Debug|Any CPU.Build.0 = Debug|Any CPU
		{7D64C81F-3D75-46E9-AA71-CEC0FA10CEE5}.Release|Any CPU.ActiveCfg = Release|Any CPU
		{7D64C81F-3D75-46E9-AA71-CEC0FA10CEE5}.Release|Any CPU.Build.0 = Release|Any CPU
		{05F8A2FE-68E4-4A19-BA73-8619A9B5BF3A}.Debug|Any CPU.ActiveCfg = Debug|Any CPU
		{05F8A2FE-68E4-4A19-BA73-8619A9B5BF3A}.Debug|Any CPU.Build.0 = Debug|Any CPU
		{05F8A2FE-68E4-4A19-BA73-8619A9B5BF3A}.Release|Any CPU.ActiveCfg = Release|Any CPU
		{05F8A2FE-68E4-4A19-BA73-8619A9B5BF3A}.Release|Any CPU.Build.0 = Release|Any CPU
		{6DFFC86C-5E80-4D6B-9221-810EEFDF9231}.Debug|Any CPU.ActiveCfg = Debug|Any CPU
		{6DFFC86C-5E80-4D6B-9221-810EEFDF9231}.Debug|Any CPU.Build.0 = Debug|Any CPU
		{6DFFC86C-5E80-4D6B-9221-810EEFDF9231}.Release|Any CPU.ActiveCfg = Release|Any CPU
		{6DFFC86C-5E80-4D6B-9221-810EEFDF9231}.Release|Any CPU.Build.0 = Release|Any CPU
		{0BD9A997-B6A2-4B78-9D30-12FB49AE3748}.Debug|Any CPU.ActiveCfg = Debug|Any CPU
		{0BD9A997-B6A2-4B78-9D30-12FB49AE3748}.Debug|Any CPU.Build.0 = Debug|Any CPU
		{0BD9A997-B6A2-4B78-9D30-12FB49AE3748}.Release|Any CPU.ActiveCfg = Release|Any CPU
		{0BD9A997-B6A2-4B78-9D30-12FB49AE3748}.Release|Any CPU.Build.0 = Release|Any CPU
		{AB794BF1-BC5C-4542-ACF5-1261AE1866FA}.Debug|Any CPU.ActiveCfg = Debug|Any CPU
		{AB794BF1-BC5C-4542-ACF5-1261AE1866FA}.Debug|Any CPU.Build.0 = Debug|Any CPU
		{AB794BF1-BC5C-4542-ACF5-1261AE1866FA}.Release|Any CPU.ActiveCfg = Release|Any CPU
		{AB794BF1-BC5C-4542-ACF5-1261AE1866FA}.Release|Any CPU.Build.0 = Release|Any CPU
		{86F1DC55-4139-4F0A-B29D-DD885722115B}.Debug|Any CPU.ActiveCfg = Debug|Any CPU
		{86F1DC55-4139-4F0A-B29D-DD885722115B}.Debug|Any CPU.Build.0 = Debug|Any CPU
		{86F1DC55-4139-4F0A-B29D-DD885722115B}.Release|Any CPU.ActiveCfg = Release|Any CPU
		{86F1DC55-4139-4F0A-B29D-DD885722115B}.Release|Any CPU.Build.0 = Release|Any CPU
		{2143D081-A857-4186-9E42-D360B461F81E}.Debug|Any CPU.ActiveCfg = Debug|Any CPU
		{2143D081-A857-4186-9E42-D360B461F81E}.Debug|Any CPU.Build.0 = Debug|Any CPU
		{2143D081-A857-4186-9E42-D360B461F81E}.Release|Any CPU.ActiveCfg = Release|Any CPU
		{2143D081-A857-4186-9E42-D360B461F81E}.Release|Any CPU.Build.0 = Release|Any CPU
		{691327FE-4EED-410E-889D-43BE9FC20333}.Debug|Any CPU.ActiveCfg = Debug|Any CPU
		{691327FE-4EED-410E-889D-43BE9FC20333}.Debug|Any CPU.Build.0 = Debug|Any CPU
		{691327FE-4EED-410E-889D-43BE9FC20333}.Release|Any CPU.ActiveCfg = Release|Any CPU
		{691327FE-4EED-410E-889D-43BE9FC20333}.Release|Any CPU.Build.0 = Release|Any CPU
		{7F599CBE-1DB0-4F2C-B95E-438CDDBE3202}.Debug|Any CPU.ActiveCfg = Debug|Any CPU
		{7F599CBE-1DB0-4F2C-B95E-438CDDBE3202}.Debug|Any CPU.Build.0 = Debug|Any CPU
		{7F599CBE-1DB0-4F2C-B95E-438CDDBE3202}.Release|Any CPU.ActiveCfg = Release|Any CPU
		{7F599CBE-1DB0-4F2C-B95E-438CDDBE3202}.Release|Any CPU.Build.0 = Release|Any CPU
		{CBBD9E8F-C1E9-4DAE-8AB7-BAABFA002F78}.Debug|Any CPU.ActiveCfg = Debug|Any CPU
		{CBBD9E8F-C1E9-4DAE-8AB7-BAABFA002F78}.Debug|Any CPU.Build.0 = Debug|Any CPU
		{CBBD9E8F-C1E9-4DAE-8AB7-BAABFA002F78}.Release|Any CPU.ActiveCfg = Release|Any CPU
		{CBBD9E8F-C1E9-4DAE-8AB7-BAABFA002F78}.Release|Any CPU.Build.0 = Release|Any CPU
		{8640C07E-EB13-4654-9423-E0E24F10AA9A}.Debug|Any CPU.ActiveCfg = Debug|Any CPU
		{8640C07E-EB13-4654-9423-E0E24F10AA9A}.Debug|Any CPU.Build.0 = Debug|Any CPU
		{8640C07E-EB13-4654-9423-E0E24F10AA9A}.Release|Any CPU.ActiveCfg = Release|Any CPU
		{8640C07E-EB13-4654-9423-E0E24F10AA9A}.Release|Any CPU.Build.0 = Release|Any CPU
		{20133F78-9D7A-4A34-9956-63076EA0E38C}.Debug|Any CPU.ActiveCfg = Debug|Any CPU
		{20133F78-9D7A-4A34-9956-63076EA0E38C}.Debug|Any CPU.Build.0 = Debug|Any CPU
		{20133F78-9D7A-4A34-9956-63076EA0E38C}.Release|Any CPU.ActiveCfg = Release|Any CPU
		{20133F78-9D7A-4A34-9956-63076EA0E38C}.Release|Any CPU.Build.0 = Release|Any CPU
	EndGlobalSection
	GlobalSection(SolutionProperties) = preSolution
		HideSolutionNode = FALSE
	EndGlobalSection
	GlobalSection(NestedProjects) = preSolution
		{FC216EB8-1A78-4D2E-98E2-023008352CC0} = {D30E5B72-2D71-43A6-9869-03AC41C0602D}
		{A84A389F-C0B0-4620-AD87-F8BC41F3C37C} = {D30E5B72-2D71-43A6-9869-03AC41C0602D}
		{EEB2A76D-1EC3-44A8-8578-16C7D888C7BB} = {D30E5B72-2D71-43A6-9869-03AC41C0602D}
		{5FF1B3B3-71C0-4A7A-AA0A-6BA85D250883} = {D30E5B72-2D71-43A6-9869-03AC41C0602D}
		{7D64C81F-3D75-46E9-AA71-CEC0FA10CEE5} = {0770FD18-84BC-4A11-8C9E-1A3220C3CF00}
		{4D657FE7-5C50-4CDF-985E-18C6DFB91B1A} = {58635622-4896-48BC-956D-CE34B35151F2}
		{05F8A2FE-68E4-4A19-BA73-8619A9B5BF3A} = {4D657FE7-5C50-4CDF-985E-18C6DFB91B1A}
		{6DFFC86C-5E80-4D6B-9221-810EEFDF9231} = {4D657FE7-5C50-4CDF-985E-18C6DFB91B1A}
		{0BD9A997-B6A2-4B78-9D30-12FB49AE3748} = {1ED99B9C-BF33-44C2-AB03-581E86FB6966}
		{AB794BF1-BC5C-4542-ACF5-1261AE1866FA} = {76D94A1C-D7EC-4C20-A0F6-2E4452F477E6}
	EndGlobalSection
EndGlobal
